
Microsoft Visual Studio Solution File, Format Version 12.00
# Visual Studio 2012
Project("{FAE04EC0-301F-11D3-BF4B-00C04F79EFBC}") = "2D Scroller", "2D Scroller\2D Scroller\2D Scroller.csproj", "{F175F831-1432-4B26-B9BB-E353FDDDC954}"
EndProject
Project("{96E2B04D-8817-42C6-938A-82C39BA4D311}") = "2D ScrollerContent", "2D Scroller\2D ScrollerContent\2D ScrollerContent.contentproj", "{7E5F999D-4BEE-491D-925F-EBE32841E45D}"
EndProject
Global
	GlobalSection(SolutionConfigurationPlatforms) = preSolution
		Debug|x86 = Debug|x86
		Release|x86 = Release|x86
	EndGlobalSection
	GlobalSection(ProjectConfigurationPlatforms) = postSolution
		{F175F831-1432-4B26-B9BB-E353FDDDC954}.Debug|x86.ActiveCfg = Debug|x86
		{F175F831-1432-4B26-B9BB-E353FDDDC954}.Debug|x86.Build.0 = Debug|x86
		{F175F831-1432-4B26-B9BB-E353FDDDC954}.Release|x86.ActiveCfg = Release|x86
		{F175F831-1432-4B26-B9BB-E353FDDDC954}.Release|x86.Build.0 = Release|x86
		{7E5F999D-4BEE-491D-925F-EBE32841E45D}.Debug|x86.ActiveCfg = Debug|x86
		{7E5F999D-4BEE-491D-925F-EBE32841E45D}.Release|x86.ActiveCfg = Release|x86
	EndGlobalSection
	GlobalSection(SolutionProperties) = preSolution
		HideSolutionNode = FALSE
	EndGlobalSection
EndGlobal
